
Microsoft Visual Studio Solution File, Format Version 12.00
# Visual Studio Version 17
VisualStudioVersion = 17.5.33530.505
MinimumVisualStudioVersion = 10.0.40219.1
Project("{FAE04EC0-301F-11D3-BF4B-00C04F79EFBC}") = "StambenaZgrada", "StambenaZgrada\StambenaZgrada.csproj", "{BA2534C7-2E88-4C89-9C84-5B6DF0B4ACAF}"
EndProject
Global
	GlobalSection(SolutionConfigurationPlatforms) = preSolution
		Debug|Any CPU = Debug|Any CPU
		Release|Any CPU = Release|Any CPU
	EndGlobalSection
	GlobalSection(ProjectConfigurationPlatforms) = postSolution
		{BA2534C7-2E88-4C89-9C84-5B6DF0B4ACAF}.Debug|Any CPU.ActiveCfg = Debug|Any CPU
		{BA2534C7-2E88-4C89-9C84-5B6DF0B4ACAF}.Debug|Any CPU.Build.0 = Debug|Any CPU
		{BA2534C7-2E88-4C89-9C84-5B6DF0B4ACAF}.Release|Any CPU.ActiveCfg = Release|Any CPU
		{BA2534C7-2E88-4C89-9C84-5B6DF0B4ACAF}.Release|Any CPU.Build.0 = Release|Any CPU
	EndGlobalSection
	GlobalSection(SolutionProperties) = preSolution
		HideSolutionNode = FALSE
	EndGlobalSection
	GlobalSection(ExtensibilityGlobals) = postSolution
		SolutionGuid = {F6794D86-19C0-480B-AD50-099E0FA81EFE}
	EndGlobalSection
EndGlobal
